
Microsoft Visual Studio Solution File, Format Version 12.00
# Visual Studio Version 16
VisualStudioVersion = 16.0.31321.278
MinimumVisualStudioVersion = 10.0.40219.1
Project("{FAE04EC0-301F-11D3-BF4B-00C04F79EFBC}") = "FinalE.WS", "FinalE.WS\FinalE.WS.csproj", "{C5C039BB-4BA4-47C5-BD6F-48ABFDCB8086}"
EndProject
Project("{FAE04EC0-301F-11D3-BF4B-00C04F79EFBC}") = "FinalE.Entities", "FinalE.Entities\FinalE.Entities.csproj", "{7CF5122A-6FAC-4E02-970B-2022E43A3CE4}"
EndProject
Global
	GlobalSection(SolutionConfigurationPlatforms) = preSolution
		Debug|Any CPU = Debug|Any CPU
		Release|Any CPU = Release|Any CPU
	EndGlobalSection
	GlobalSection(ProjectConfigurationPlatforms) = postSolution
		{C5C039BB-4BA4-47C5-BD6F-48ABFDCB8086}.Debug|Any CPU.ActiveCfg = Debug|Any CPU
		{C5C039BB-4BA4-47C5-BD6F-48ABFDCB8086}.Debug|Any CPU.Build.0 = Debug|Any CPU
		{C5C039BB-4BA4-47C5-BD6F-48ABFDCB8086}.Release|Any CPU.ActiveCfg = Release|Any CPU
		{C5C039BB-4BA4-47C5-BD6F-48ABFDCB8086}.Release|Any CPU.Build.0 = Release|Any CPU
		{7CF5122A-6FAC-4E02-970B-2022E43A3CE4}.Debug|Any CPU.ActiveCfg = Debug|Any CPU
		{7CF5122A-6FAC-4E02-970B-2022E43A3CE4}.Debug|Any CPU.Build.0 = Debug|Any CPU
		{7CF5122A-6FAC-4E02-970B-2022E43A3CE4}.Release|Any CPU.ActiveCfg = Release|Any CPU
		{7CF5122A-6FAC-4E02-970B-2022E43A3CE4}.Release|Any CPU.Build.0 = Release|Any CPU
	EndGlobalSection
	GlobalSection(SolutionProperties) = preSolution
		HideSolutionNode = FALSE
	EndGlobalSection
	GlobalSection(ExtensibilityGlobals) = postSolution
		SolutionGuid = {CBD6CC5B-E60C-4EBC-85C9-831CB84062A9}
	EndGlobalSection
EndGlobal
